
Microsoft Visual Studio Solution File, Format Version 12.00
# Visual Studio Version 16
VisualStudioVersion = 16.0.32002.261
MinimumVisualStudioVersion = 10.0.40219.1
Project("{9A19103F-16F7-4668-BE54-9A1E7A4F7556}") = "LinqOverArray", "LinqOverArray\LinqOverArray.csproj", "{B83A76CD-1F40-49DB-B48E-F5F083FF221C}"
EndProject
Project("{9A19103F-16F7-4668-BE54-9A1E7A4F7556}") = "LinqRetValues", "LinqRetValues\LinqRetValues.csproj", "{B2879675-DB5E-4AE6-8A65-AB8E4F6410EA}"
EndProject
Project("{9A19103F-16F7-4668-BE54-9A1E7A4F7556}") = "LinqOverCollections", "LinqOverCollections\LinqOverCollections.csproj", "{D9031004-399F-455C-9317-8A851C64D990}"
EndProject
Project("{9A19103F-16F7-4668-BE54-9A1E7A4F7556}") = "LinqExpressions", "LinqExpressions\LinqExpressions.csproj", "{4016678B-DE99-44B0-9A89-6A18DE79D5F0}"
EndProject
Project("{9A19103F-16F7-4668-BE54-9A1E7A4F7556}") = "LinqUsingEnumerable", "LinqUsingEnumerable\LinqUsingEnumerable.csproj", "{56ADB6A2-A51B-4579-83DF-A535A88D734B}"
EndProject
Project("{FAE04EC0-301F-11D3-BF4B-00C04F79EFBC}") = "CollectionFiltering", "CollectionFiltering\CollectionFiltering.csproj", "{363E10E0-C0A7-4A0A-9002-B2E2FDDC435B}"
EndProject
Global
	GlobalSection(SolutionConfigurationPlatforms) = preSolution
		Debug|Any CPU = Debug|Any CPU
		Release|Any CPU = Release|Any CPU
	EndGlobalSection
	GlobalSection(ProjectConfigurationPlatforms) = postSolution
		{B83A76CD-1F40-49DB-B48E-F5F083FF221C}.Debug|Any CPU.ActiveCfg = Debug|Any CPU
		{B83A76CD-1F40-49DB-B48E-F5F083FF221C}.Debug|Any CPU.Build.0 = Debug|Any CPU
		{B83A76CD-1F40-49DB-B48E-F5F083FF221C}.Release|Any CPU.ActiveCfg = Release|Any CPU
		{B83A76CD-1F40-49DB-B48E-F5F083FF221C}.Release|Any CPU.Build.0 = Release|Any CPU
		{B2879675-DB5E-4AE6-8A65-AB8E4F6410EA}.Debug|Any CPU.ActiveCfg = Debug|Any CPU
		{B2879675-DB5E-4AE6-8A65-AB8E4F6410EA}.Debug|Any CPU.Build.0 = Debug|Any CPU
		{B2879675-DB5E-4AE6-8A65-AB8E4F6410EA}.Release|Any CPU.ActiveCfg = Release|Any CPU
		{B2879675-DB5E-4AE6-8A65-AB8E4F6410EA}.Release|Any CPU.Build.0 = Release|Any CPU
		{D9031004-399F-455C-9317-8A851C64D990}.Debug|Any CPU.ActiveCfg = Debug|Any CPU
		{D9031004-399F-455C-9317-8A851C64D990}.Debug|Any CPU.Build.0 = Debug|Any CPU
		{D9031004-399F-455C-9317-8A851C64D990}.Release|Any CPU.ActiveCfg = Release|Any CPU
		{D9031004-399F-455C-9317-8A851C64D990}.Release|Any CPU.Build.0 = Release|Any CPU
		{4016678B-DE99-44B0-9A89-6A18DE79D5F0}.Debug|Any CPU.ActiveCfg = Debug|Any CPU
		{4016678B-DE99-44B0-9A89-6A18DE79D5F0}.Debug|Any CPU.Build.0 = Debug|Any CPU
		{4016678B-DE99-44B0-9A89-6A18DE79D5F0}.Release|Any CPU.ActiveCfg = Release|Any CPU
		{4016678B-DE99-44B0-9A89-6A18DE79D5F0}.Release|Any CPU.Build.0 = Release|Any CPU
		{56ADB6A2-A51B-4579-83DF-A535A88D734B}.Debug|Any CPU.ActiveCfg = Debug|Any CPU
		{56ADB6A2-A51B-4579-83DF-A535A88D734B}.Debug|Any CPU.Build.0 = Debug|Any CPU
		{56ADB6A2-A51B-4579-83DF-A535A88D734B}.Release|Any CPU.ActiveCfg = Release|Any CPU
		{56ADB6A2-A51B-4579-83DF-A535A88D734B}.Release|Any CPU.Build.0 = Release|Any CPU
		{363E10E0-C0A7-4A0A-9002-B2E2FDDC435B}.Debug|Any CPU.ActiveCfg = Debug|Any CPU
		{363E10E0-C0A7-4A0A-9002-B2E2FDDC435B}.Debug|Any CPU.Build.0 = Debug|Any CPU
		{363E10E0-C0A7-4A0A-9002-B2E2FDDC435B}.Release|Any CPU.ActiveCfg = Release|Any CPU
		{363E10E0-C0A7-4A0A-9002-B2E2FDDC435B}.Release|Any CPU.Build.0 = Release|Any CPU
	EndGlobalSection
	GlobalSection(SolutionProperties) = preSolution
		HideSolutionNode = FALSE
	EndGlobalSection
	GlobalSection(ExtensibilityGlobals) = postSolution
		SolutionGuid = {5A7E47AD-A34F-4BFF-9F68-16DAC71ABE90}
	EndGlobalSection
EndGlobal
