
Microsoft Visual Studio Solution File, Format Version 12.00
# Visual Studio Version 16
VisualStudioVersion = 16.0.32002.261
MinimumVisualStudioVersion = 10.0.40219.1
Project("{9A19103F-16F7-4668-BE54-9A1E7A4F7556}") = "LinqOverArray", "LinqOverArray\LinqOverArray.csproj", "{B83A76CD-1F40-49DB-B48E-F5F083FF221C}"
EndProject
Project("{FAE04EC0-301F-11D3-BF4B-00C04F79EFBC}") = "LinqRetValues", "LinqRetValues\LinqRetValues.csproj", "{B2879675-DB5E-4AE6-8A65-AB8E4F6410EA}"
EndProject
Global
	GlobalSection(SolutionConfigurationPlatforms) = preSolution
		Debug|Any CPU = Debug|Any CPU
		Release|Any CPU = Release|Any CPU
	EndGlobalSection
	GlobalSection(ProjectConfigurationPlatforms) = postSolution
		{B83A76CD-1F40-49DB-B48E-F5F083FF221C}.Debug|Any CPU.ActiveCfg = Debug|Any CPU
		{B83A76CD-1F40-49DB-B48E-F5F083FF221C}.Debug|Any CPU.Build.0 = Debug|Any CPU
		{B83A76CD-1F40-49DB-B48E-F5F083FF221C}.Release|Any CPU.ActiveCfg = Release|Any CPU
		{B83A76CD-1F40-49DB-B48E-F5F083FF221C}.Release|Any CPU.Build.0 = Release|Any CPU
		{B2879675-DB5E-4AE6-8A65-AB8E4F6410EA}.Debug|Any CPU.ActiveCfg = Debug|Any CPU
		{B2879675-DB5E-4AE6-8A65-AB8E4F6410EA}.Debug|Any CPU.Build.0 = Debug|Any CPU
		{B2879675-DB5E-4AE6-8A65-AB8E4F6410EA}.Release|Any CPU.ActiveCfg = Release|Any CPU
		{B2879675-DB5E-4AE6-8A65-AB8E4F6410EA}.Release|Any CPU.Build.0 = Release|Any CPU
	EndGlobalSection
	GlobalSection(SolutionProperties) = preSolution
		HideSolutionNode = FALSE
	EndGlobalSection
	GlobalSection(ExtensibilityGlobals) = postSolution
		SolutionGuid = {5A7E47AD-A34F-4BFF-9F68-16DAC71ABE90}
	EndGlobalSection
EndGlobal
